
Microsoft Visual Studio Solution File, Format Version 12.00
# Visual Studio Version 16
VisualStudioVersion = 16.0.29509.3
MinimumVisualStudioVersion = 10.0.40219.1
Project("{151D2E53-A2C4-4D7D-83FE-D05416EBD58E}") = "rg-dev-szkchm", "rg-dev-szkchm\rg-dev-szkchm.deployproj", "{FC63D93D-3540-40CC-9629-4CC90619F463}"
EndProject
Global
	GlobalSection(SolutionConfigurationPlatforms) = preSolution
		Debug|Any CPU = Debug|Any CPU
		Release|Any CPU = Release|Any CPU
	EndGlobalSection
	GlobalSection(ProjectConfigurationPlatforms) = postSolution
		{FC63D93D-3540-40CC-9629-4CC90619F463}.Debug|Any CPU.ActiveCfg = Debug|Any CPU
		{FC63D93D-3540-40CC-9629-4CC90619F463}.Debug|Any CPU.Build.0 = Debug|Any CPU
		{FC63D93D-3540-40CC-9629-4CC90619F463}.Release|Any CPU.ActiveCfg = Release|Any CPU
		{FC63D93D-3540-40CC-9629-4CC90619F463}.Release|Any CPU.Build.0 = Release|Any CPU
	EndGlobalSection
	GlobalSection(SolutionProperties) = preSolution
		HideSolutionNode = FALSE
	EndGlobalSection
	GlobalSection(ExtensibilityGlobals) = postSolution
		SolutionGuid = {BA8C66A4-5296-4E84-92CA-C0EF53EADAE0}
	EndGlobalSection
EndGlobal
